
Microsoft Visual Studio Solution File, Format Version 12.00
# Visual Studio 14
VisualStudioVersion = 14.0.24720.0
MinimumVisualStudioVersion = 10.0.40219.1
Project("{E24C65DC-7377-472B-9ABA-BC803B73C61A}") = "PigPage", ".", "{EA332C35-05AF-4EF6-84FB-910FF5A04E2E}"
	ProjectSection(WebsiteProperties) = preProject
		TargetFrameworkMoniker = ".NETFramework,Version%3Dv4.0"
		Debug.AspNetCompiler.VirtualPath = "/localhost_55706"
		Debug.AspNetCompiler.PhysicalPath = "..\PigPage\"
		Debug.AspNetCompiler.TargetPath = "PrecompiledWeb\localhost_55706\"
		Debug.AspNetCompiler.Updateable = "true"
		Debug.AspNetCompiler.ForceOverwrite = "true"
		Debug.AspNetCompiler.FixedNames = "false"
		Debug.AspNetCompiler.Debug = "True"
		Release.AspNetCompiler.VirtualPath = "/localhost_55706"
		Release.AspNetCompiler.PhysicalPath = "..\PigPage\"
		Release.AspNetCompiler.TargetPath = "PrecompiledWeb\localhost_55706\"
		Release.AspNetCompiler.Updateable = "true"
		Release.AspNetCompiler.ForceOverwrite = "true"
		Release.AspNetCompiler.FixedNames = "false"
		Release.AspNetCompiler.Debug = "False"
		VWDPort = "55706"
		SlnRelativePath = "..\PigPage\"
	EndProjectSection
EndProject
Global
	GlobalSection(SolutionConfigurationPlatforms) = preSolution
		Debug|Any CPU = Debug|Any CPU
	EndGlobalSection
	GlobalSection(ProjectConfigurationPlatforms) = postSolution
		{EA332C35-05AF-4EF6-84FB-910FF5A04E2E}.Debug|Any CPU.ActiveCfg = Debug|Any CPU
		{EA332C35-05AF-4EF6-84FB-910FF5A04E2E}.Debug|Any CPU.Build.0 = Debug|Any CPU
	EndGlobalSection
	GlobalSection(SolutionProperties) = preSolution
		HideSolutionNode = FALSE
	EndGlobalSection
EndGlobal
